
Microsoft Visual Studio Solution File, Format Version 12.00
# Visual Studio Version 17
VisualStudioVersion = 17.2.32616.157
MinimumVisualStudioVersion = 10.0.40219.1
Project("{FAE04EC0-301F-11D3-BF4B-00C04F79EFBC}") = "UserDefinedException", "UserDefinedException.csproj", "{BA6D432C-4556-4690-8095-52D2C8398543}"
EndProject
Global
	GlobalSection(SolutionConfigurationPlatforms) = preSolution
		Debug|Any CPU = Debug|Any CPU
		Release|Any CPU = Release|Any CPU
	EndGlobalSection
	GlobalSection(ProjectConfigurationPlatforms) = postSolution
		{BA6D432C-4556-4690-8095-52D2C8398543}.Debug|Any CPU.ActiveCfg = Debug|Any CPU
		{BA6D432C-4556-4690-8095-52D2C8398543}.Debug|Any CPU.Build.0 = Debug|Any CPU
		{BA6D432C-4556-4690-8095-52D2C8398543}.Release|Any CPU.ActiveCfg = Release|Any CPU
		{BA6D432C-4556-4690-8095-52D2C8398543}.Release|Any CPU.Build.0 = Release|Any CPU
	EndGlobalSection
	GlobalSection(SolutionProperties) = preSolution
		HideSolutionNode = FALSE
	EndGlobalSection
	GlobalSection(ExtensibilityGlobals) = postSolution
		SolutionGuid = {0F5FD0EA-2608-4D85-A988-0D5AB18CD3D1}
	EndGlobalSection
EndGlobal
